
Microsoft Visual Studio Solution File, Format Version 12.00
# Visual Studio 14
VisualStudioVersion = 14.0.25420.1
MinimumVisualStudioVersion = 10.0.40219.1
Project("{FAE04EC0-301F-11D3-BF4B-00C04F79EFBC}") = "harjoituksia", "harjoituksia\harjoituksia.csproj", "{33519191-AAF6-42E7-89EF-F470194F519B}"
EndProject
Project("{FAE04EC0-301F-11D3-BF4B-00C04F79EFBC}") = "Kiuas", "Kiuas\Kiuas.csproj", "{3ADFC560-24EE-4178-9F65-5BE28EAEE17B}"
EndProject
Project("{FAE04EC0-301F-11D3-BF4B-00C04F79EFBC}") = "Pesukone", "Pesukone\Pesukone.csproj", "{25CB40F4-DBEA-4B18-BBDC-5E931A0CF3B3}"
EndProject
Project("{FAE04EC0-301F-11D3-BF4B-00C04F79EFBC}") = "Televisio", "Televisio\Televisio.csproj", "{C8F4A1BC-5B3E-4C59-A87F-87D158F5D581}"
EndProject
Project("{FAE04EC0-301F-11D3-BF4B-00C04F79EFBC}") = "Auto", "Auto\Auto.csproj", "{62AD00DD-76CC-470B-8365-B87337E4167A}"
EndProject
Project("{FAE04EC0-301F-11D3-BF4B-00C04F79EFBC}") = "Opiskelija", "Opiskelija\Opiskelija.csproj", "{8864477F-0EA7-480F-8A69-2497C18B8C63}"
EndProject
Project("{FAE04EC0-301F-11D3-BF4B-00C04F79EFBC}") = "Kello", "Kello\Kello.csproj", "{427192E8-79FC-4B71-9F38-3F24DF40AD51}"
EndProject
Project("{FAE04EC0-301F-11D3-BF4B-00C04F79EFBC}") = "TuntiHarj", "TuntiHarj\TuntiHarj.csproj", "{C742A1C6-1B46-45E2-9CC1-336A2454CA41}"
EndProject
Project("{FAE04EC0-301F-11D3-BF4B-00C04F79EFBC}") = "TuntiHarj2", "TuntiHarj2\TuntiHarj2.csproj", "{CFFB0509-17EC-46B1-80C6-6E3B203B6CFA}"
EndProject
Project("{FAE04EC0-301F-11D3-BF4B-00C04F79EFBC}") = "TuntiHarj3", "TuntiHarj3\TuntiHarj3.csproj", "{79D28F64-58AA-4DF1-B689-50052D76E151}"
EndProject
Project("{FAE04EC0-301F-11D3-BF4B-00C04F79EFBC}") = "Teht4vko3", "Teht4vko3\Teht4vko3.csproj", "{E2C881DB-A746-401B-9888-38AD9FAF4CE9}"
EndProject
Project("{FAE04EC0-301F-11D3-BF4B-00C04F79EFBC}") = "Teht5vko3", "Teht5vko3\Teht5vko3.csproj", "{C4475297-966E-447E-8713-87FE601FE16C}"
EndProject
Project("{FAE04EC0-301F-11D3-BF4B-00C04F79EFBC}") = "T6JaT7", "Kirjahylly\T6JaT7.csproj", "{B56D33FB-67DC-45D8-9B96-476AA460C0F7}"
EndProject
Project("{FAE04EC0-301F-11D3-BF4B-00C04F79EFBC}") = "T1vko4", "T1vko4\T1vko4.csproj", "{C1F7FB4C-AAC7-4E70-B965-897E9A2DA992}"
EndProject
Project("{FAE04EC0-301F-11D3-BF4B-00C04F79EFBC}") = "Fridge", "Fridge\Fridge.csproj", "{BEE21E02-BDBB-4AA7-B40C-2F7BCC0DDE88}"
EndProject
Project("{FAE04EC0-301F-11D3-BF4B-00C04F79EFBC}") = "T3vko4", "T3vko4\T3vko4.csproj", "{348EB16E-B6DB-4BA4-8CC7-8785A8F5D2E1}"
EndProject
Project("{FAE04EC0-301F-11D3-BF4B-00C04F79EFBC}") = "T4vko4", "T4vko4\T4vko4.csproj", "{F252A2CB-4FEC-4ECD-8401-E782DCB0E537}"
EndProject
Global
	GlobalSection(SolutionConfigurationPlatforms) = preSolution
		Debug|Any CPU = Debug|Any CPU
		Release|Any CPU = Release|Any CPU
	EndGlobalSection
	GlobalSection(ProjectConfigurationPlatforms) = postSolution
		{33519191-AAF6-42E7-89EF-F470194F519B}.Debug|Any CPU.ActiveCfg = Debug|Any CPU
		{33519191-AAF6-42E7-89EF-F470194F519B}.Debug|Any CPU.Build.0 = Debug|Any CPU
		{33519191-AAF6-42E7-89EF-F470194F519B}.Release|Any CPU.ActiveCfg = Release|Any CPU
		{33519191-AAF6-42E7-89EF-F470194F519B}.Release|Any CPU.Build.0 = Release|Any CPU
		{3ADFC560-24EE-4178-9F65-5BE28EAEE17B}.Debug|Any CPU.ActiveCfg = Debug|Any CPU
		{3ADFC560-24EE-4178-9F65-5BE28EAEE17B}.Debug|Any CPU.Build.0 = Debug|Any CPU
		{3ADFC560-24EE-4178-9F65-5BE28EAEE17B}.Release|Any CPU.ActiveCfg = Release|Any CPU
		{3ADFC560-24EE-4178-9F65-5BE28EAEE17B}.Release|Any CPU.Build.0 = Release|Any CPU
		{25CB40F4-DBEA-4B18-BBDC-5E931A0CF3B3}.Debug|Any CPU.ActiveCfg = Debug|Any CPU
		{25CB40F4-DBEA-4B18-BBDC-5E931A0CF3B3}.Debug|Any CPU.Build.0 = Debug|Any CPU
		{25CB40F4-DBEA-4B18-BBDC-5E931A0CF3B3}.Release|Any CPU.ActiveCfg = Release|Any CPU
		{25CB40F4-DBEA-4B18-BBDC-5E931A0CF3B3}.Release|Any CPU.Build.0 = Release|Any CPU
		{C8F4A1BC-5B3E-4C59-A87F-87D158F5D581}.Debug|Any CPU.ActiveCfg = Debug|Any CPU
		{C8F4A1BC-5B3E-4C59-A87F-87D158F5D581}.Debug|Any CPU.Build.0 = Debug|Any CPU
		{C8F4A1BC-5B3E-4C59-A87F-87D158F5D581}.Release|Any CPU.ActiveCfg = Release|Any CPU
		{C8F4A1BC-5B3E-4C59-A87F-87D158F5D581}.Release|Any CPU.Build.0 = Release|Any CPU
		{62AD00DD-76CC-470B-8365-B87337E4167A}.Debug|Any CPU.ActiveCfg = Debug|Any CPU
		{62AD00DD-76CC-470B-8365-B87337E4167A}.Debug|Any CPU.Build.0 = Debug|Any CPU
		{62AD00DD-76CC-470B-8365-B87337E4167A}.Release|Any CPU.ActiveCfg = Release|Any CPU
		{62AD00DD-76CC-470B-8365-B87337E4167A}.Release|Any CPU.Build.0 = Release|Any CPU
		{8864477F-0EA7-480F-8A69-2497C18B8C63}.Debug|Any CPU.ActiveCfg = Debug|Any CPU
		{8864477F-0EA7-480F-8A69-2497C18B8C63}.Debug|Any CPU.Build.0 = Debug|Any CPU
		{8864477F-0EA7-480F-8A69-2497C18B8C63}.Release|Any CPU.ActiveCfg = Release|Any CPU
		{8864477F-0EA7-480F-8A69-2497C18B8C63}.Release|Any CPU.Build.0 = Release|Any CPU
		{427192E8-79FC-4B71-9F38-3F24DF40AD51}.Debug|Any CPU.ActiveCfg = Debug|Any CPU
		{427192E8-79FC-4B71-9F38-3F24DF40AD51}.Debug|Any CPU.Build.0 = Debug|Any CPU
		{427192E8-79FC-4B71-9F38-3F24DF40AD51}.Release|Any CPU.ActiveCfg = Release|Any CPU
		{427192E8-79FC-4B71-9F38-3F24DF40AD51}.Release|Any CPU.Build.0 = Release|Any CPU
		{C742A1C6-1B46-45E2-9CC1-336A2454CA41}.Debug|Any CPU.ActiveCfg = Debug|Any CPU
		{C742A1C6-1B46-45E2-9CC1-336A2454CA41}.Debug|Any CPU.Build.0 = Debug|Any CPU
		{C742A1C6-1B46-45E2-9CC1-336A2454CA41}.Release|Any CPU.ActiveCfg = Release|Any CPU
		{C742A1C6-1B46-45E2-9CC1-336A2454CA41}.Release|Any CPU.Build.0 = Release|Any CPU
		{CFFB0509-17EC-46B1-80C6-6E3B203B6CFA}.Debug|Any CPU.ActiveCfg = Debug|Any CPU
		{CFFB0509-17EC-46B1-80C6-6E3B203B6CFA}.Debug|Any CPU.Build.0 = Debug|Any CPU
		{CFFB0509-17EC-46B1-80C6-6E3B203B6CFA}.Release|Any CPU.ActiveCfg = Release|Any CPU
		{CFFB0509-17EC-46B1-80C6-6E3B203B6CFA}.Release|Any CPU.Build.0 = Release|Any CPU
		{79D28F64-58AA-4DF1-B689-50052D76E151}.Debug|Any CPU.ActiveCfg = Debug|Any CPU
		{79D28F64-58AA-4DF1-B689-50052D76E151}.Debug|Any CPU.Build.0 = Debug|Any CPU
		{79D28F64-58AA-4DF1-B689-50052D76E151}.Release|Any CPU.ActiveCfg = Release|Any CPU
		{79D28F64-58AA-4DF1-B689-50052D76E151}.Release|Any CPU.Build.0 = Release|Any CPU
		{E2C881DB-A746-401B-9888-38AD9FAF4CE9}.Debug|Any CPU.ActiveCfg = Debug|Any CPU
		{E2C881DB-A746-401B-9888-38AD9FAF4CE9}.Debug|Any CPU.Build.0 = Debug|Any CPU
		{E2C881DB-A746-401B-9888-38AD9FAF4CE9}.Release|Any CPU.ActiveCfg = Release|Any CPU
		{E2C881DB-A746-401B-9888-38AD9FAF4CE9}.Release|Any CPU.Build.0 = Release|Any CPU
		{C4475297-966E-447E-8713-87FE601FE16C}.Debug|Any CPU.ActiveCfg = Debug|Any CPU
		{C4475297-966E-447E-8713-87FE601FE16C}.Debug|Any CPU.Build.0 = Debug|Any CPU
		{C4475297-966E-447E-8713-87FE601FE16C}.Release|Any CPU.ActiveCfg = Release|Any CPU
		{C4475297-966E-447E-8713-87FE601FE16C}.Release|Any CPU.Build.0 = Release|Any CPU
		{B56D33FB-67DC-45D8-9B96-476AA460C0F7}.Debug|Any CPU.ActiveCfg = Debug|Any CPU
		{B56D33FB-67DC-45D8-9B96-476AA460C0F7}.Debug|Any CPU.Build.0 = Debug|Any CPU
		{B56D33FB-67DC-45D8-9B96-476AA460C0F7}.Release|Any CPU.ActiveCfg = Release|Any CPU
		{B56D33FB-67DC-45D8-9B96-476AA460C0F7}.Release|Any CPU.Build.0 = Release|Any CPU
		{C1F7FB4C-AAC7-4E70-B965-897E9A2DA992}.Debug|Any CPU.ActiveCfg = Debug|Any CPU
		{C1F7FB4C-AAC7-4E70-B965-897E9A2DA992}.Debug|Any CPU.Build.0 = Debug|Any CPU
		{C1F7FB4C-AAC7-4E70-B965-897E9A2DA992}.Release|Any CPU.ActiveCfg = Release|Any CPU
		{C1F7FB4C-AAC7-4E70-B965-897E9A2DA992}.Release|Any CPU.Build.0 = Release|Any CPU
		{BEE21E02-BDBB-4AA7-B40C-2F7BCC0DDE88}.Debug|Any CPU.ActiveCfg = Debug|Any CPU
		{BEE21E02-BDBB-4AA7-B40C-2F7BCC0DDE88}.Debug|Any CPU.Build.0 = Debug|Any CPU
		{BEE21E02-BDBB-4AA7-B40C-2F7BCC0DDE88}.Release|Any CPU.ActiveCfg = Release|Any CPU
		{BEE21E02-BDBB-4AA7-B40C-2F7BCC0DDE88}.Release|Any CPU.Build.0 = Release|Any CPU
		{348EB16E-B6DB-4BA4-8CC7-8785A8F5D2E1}.Debug|Any CPU.ActiveCfg = Debug|Any CPU
		{348EB16E-B6DB-4BA4-8CC7-8785A8F5D2E1}.Debug|Any CPU.Build.0 = Debug|Any CPU
		{348EB16E-B6DB-4BA4-8CC7-8785A8F5D2E1}.Release|Any CPU.ActiveCfg = Release|Any CPU
		{348EB16E-B6DB-4BA4-8CC7-8785A8F5D2E1}.Release|Any CPU.Build.0 = Release|Any CPU
		{F252A2CB-4FEC-4ECD-8401-E782DCB0E537}.Debug|Any CPU.ActiveCfg = Debug|Any CPU
		{F252A2CB-4FEC-4ECD-8401-E782DCB0E537}.Debug|Any CPU.Build.0 = Debug|Any CPU
		{F252A2CB-4FEC-4ECD-8401-E782DCB0E537}.Release|Any CPU.ActiveCfg = Release|Any CPU
		{F252A2CB-4FEC-4ECD-8401-E782DCB0E537}.Release|Any CPU.Build.0 = Release|Any CPU
	EndGlobalSection
	GlobalSection(SolutionProperties) = preSolution
		HideSolutionNode = FALSE
	EndGlobalSection
EndGlobal
