
Microsoft Visual Studio Solution File, Format Version 12.00
# Visual Studio 14
VisualStudioVersion = 14.0.25420.1
MinimumVisualStudioVersion = 10.0.40219.1
Project("{FAE04EC0-301F-11D3-BF4B-00C04F79EFBC}") = "harjoituksia", "harjoituksia\harjoituksia.csproj", "{33519191-AAF6-42E7-89EF-F470194F519B}"
EndProject
Project("{FAE04EC0-301F-11D3-BF4B-00C04F79EFBC}") = "Kiuas", "Kiuas\Kiuas.csproj", "{3ADFC560-24EE-4178-9F65-5BE28EAEE17B}"
EndProject
Project("{FAE04EC0-301F-11D3-BF4B-00C04F79EFBC}") = "Pesukone", "Pesukone\Pesukone.csproj", "{25CB40F4-DBEA-4B18-BBDC-5E931A0CF3B3}"
EndProject
Project("{FAE04EC0-301F-11D3-BF4B-00C04F79EFBC}") = "Televisio", "Televisio\Televisio.csproj", "{C8F4A1BC-5B3E-4C59-A87F-87D158F5D581}"
EndProject
Project("{FAE04EC0-301F-11D3-BF4B-00C04F79EFBC}") = "Auto", "Auto\Auto.csproj", "{62AD00DD-76CC-470B-8365-B87337E4167A}"
EndProject
Project("{FAE04EC0-301F-11D3-BF4B-00C04F79EFBC}") = "Opiskelija", "Opiskelija\Opiskelija.csproj", "{8864477F-0EA7-480F-8A69-2497C18B8C63}"
EndProject
Project("{FAE04EC0-301F-11D3-BF4B-00C04F79EFBC}") = "Kello", "Kello\Kello.csproj", "{427192E8-79FC-4B71-9F38-3F24DF40AD51}"
EndProject
Project("{FAE04EC0-301F-11D3-BF4B-00C04F79EFBC}") = "TuntiHarj", "TuntiHarj\TuntiHarj.csproj", "{C742A1C6-1B46-45E2-9CC1-336A2454CA41}"
EndProject
Global
	GlobalSection(SolutionConfigurationPlatforms) = preSolution
		Debug|Any CPU = Debug|Any CPU
		Release|Any CPU = Release|Any CPU
	EndGlobalSection
	GlobalSection(ProjectConfigurationPlatforms) = postSolution
		{33519191-AAF6-42E7-89EF-F470194F519B}.Debug|Any CPU.ActiveCfg = Debug|Any CPU
		{33519191-AAF6-42E7-89EF-F470194F519B}.Debug|Any CPU.Build.0 = Debug|Any CPU
		{33519191-AAF6-42E7-89EF-F470194F519B}.Release|Any CPU.ActiveCfg = Release|Any CPU
		{33519191-AAF6-42E7-89EF-F470194F519B}.Release|Any CPU.Build.0 = Release|Any CPU
		{3ADFC560-24EE-4178-9F65-5BE28EAEE17B}.Debug|Any CPU.ActiveCfg = Debug|Any CPU
		{3ADFC560-24EE-4178-9F65-5BE28EAEE17B}.Debug|Any CPU.Build.0 = Debug|Any CPU
		{3ADFC560-24EE-4178-9F65-5BE28EAEE17B}.Release|Any CPU.ActiveCfg = Release|Any CPU
		{3ADFC560-24EE-4178-9F65-5BE28EAEE17B}.Release|Any CPU.Build.0 = Release|Any CPU
		{25CB40F4-DBEA-4B18-BBDC-5E931A0CF3B3}.Debug|Any CPU.ActiveCfg = Debug|Any CPU
		{25CB40F4-DBEA-4B18-BBDC-5E931A0CF3B3}.Debug|Any CPU.Build.0 = Debug|Any CPU
		{25CB40F4-DBEA-4B18-BBDC-5E931A0CF3B3}.Release|Any CPU.ActiveCfg = Release|Any CPU
		{25CB40F4-DBEA-4B18-BBDC-5E931A0CF3B3}.Release|Any CPU.Build.0 = Release|Any CPU
		{C8F4A1BC-5B3E-4C59-A87F-87D158F5D581}.Debug|Any CPU.ActiveCfg = Debug|Any CPU
		{C8F4A1BC-5B3E-4C59-A87F-87D158F5D581}.Debug|Any CPU.Build.0 = Debug|Any CPU
		{C8F4A1BC-5B3E-4C59-A87F-87D158F5D581}.Release|Any CPU.ActiveCfg = Release|Any CPU
		{C8F4A1BC-5B3E-4C59-A87F-87D158F5D581}.Release|Any CPU.Build.0 = Release|Any CPU
		{62AD00DD-76CC-470B-8365-B87337E4167A}.Debug|Any CPU.ActiveCfg = Debug|Any CPU
		{62AD00DD-76CC-470B-8365-B87337E4167A}.Debug|Any CPU.Build.0 = Debug|Any CPU
		{62AD00DD-76CC-470B-8365-B87337E4167A}.Release|Any CPU.ActiveCfg = Release|Any CPU
		{62AD00DD-76CC-470B-8365-B87337E4167A}.Release|Any CPU.Build.0 = Release|Any CPU
		{8864477F-0EA7-480F-8A69-2497C18B8C63}.Debug|Any CPU.ActiveCfg = Debug|Any CPU
		{8864477F-0EA7-480F-8A69-2497C18B8C63}.Debug|Any CPU.Build.0 = Debug|Any CPU
		{8864477F-0EA7-480F-8A69-2497C18B8C63}.Release|Any CPU.ActiveCfg = Release|Any CPU
		{8864477F-0EA7-480F-8A69-2497C18B8C63}.Release|Any CPU.Build.0 = Release|Any CPU
		{427192E8-79FC-4B71-9F38-3F24DF40AD51}.Debug|Any CPU.ActiveCfg = Debug|Any CPU
		{427192E8-79FC-4B71-9F38-3F24DF40AD51}.Debug|Any CPU.Build.0 = Debug|Any CPU
		{427192E8-79FC-4B71-9F38-3F24DF40AD51}.Release|Any CPU.ActiveCfg = Release|Any CPU
		{427192E8-79FC-4B71-9F38-3F24DF40AD51}.Release|Any CPU.Build.0 = Release|Any CPU
		{C742A1C6-1B46-45E2-9CC1-336A2454CA41}.Debug|Any CPU.ActiveCfg = Debug|Any CPU
		{C742A1C6-1B46-45E2-9CC1-336A2454CA41}.Debug|Any CPU.Build.0 = Debug|Any CPU
		{C742A1C6-1B46-45E2-9CC1-336A2454CA41}.Release|Any CPU.ActiveCfg = Release|Any CPU
		{C742A1C6-1B46-45E2-9CC1-336A2454CA41}.Release|Any CPU.Build.0 = Release|Any CPU
	EndGlobalSection
	GlobalSection(SolutionProperties) = preSolution
		HideSolutionNode = FALSE
	EndGlobalSection
EndGlobal
